// !$*UTF8*$!
{
	archiveVersion = 1;
	classes = {
	};
	objectVersion = 46;
	objects = {

/* Begin PBXBuildFile section */
		0350CE3B1E9659E9006C918F /* JCAlertController.m in Sources */ = {isa = PBXBuildFile; fileRef = 0350CE0D1E9659E9006C918F /* JCAlertController.m */; };
		0350CE3C1E9659E9006C918F /* JCAlertNormalView.m in Sources */ = {isa = PBXBuildFile; fileRef = 0350CE101E9659E9006C918F /* JCAlertNormalView.m */; };
		0350CE3D1E9659E9006C918F /* JCAlertButtonItem.m in Sources */ = {isa = PBXBuildFile; fileRef = 0350CE131E9659E9006C918F /* JCAlertButtonItem.m */; };
		0350CE3E1E9659E9006C918F /* NSAttributedString+JCCalculateSize.m in Sources */ = {isa = PBXBuildFile; fileRef = 0350CE161E9659E9006C918F /* NSAttributedString+JCCalculateSize.m */; };
		0350CE3F1E9659E9006C918F /* UIColor+HightlightedColor.m in Sources */ = {isa = PBXBuildFile; fileRef = 0350CE181E9659E9006C918F /* UIColor+HightlightedColor.m */; };
		0350CE401E9659E9006C918F /* UIImage+JCColor2Image.m in Sources */ = {isa = PBXBuildFile; fileRef = 0350CE1A1E9659E9006C918F /* UIImage+JCColor2Image.m */; };
		0350CE411E9659E9006C918F /* UIViewController+JCPresentQueue.m in Sources */ = {isa = PBXBuildFile; fileRef = 0350CE1C1E9659E9006C918F /* UIViewController+JCPresentQueue.m */; };
		0350CE421E9659E9006C918F /* UIWindow+JCBlur.m in Sources */ = {isa = PBXBuildFile; fileRef = 0350CE1E1E9659E9006C918F /* UIWindow+JCBlur.m */; };
		0350CE431E9659E9006C918F /* JCAlertView.m in Sources */ = {isa = PBXBuildFile; fileRef = 0350CE201E9659E9006C918F /* JCAlertView.m */; };
		0350CE441E9659E9006C918F /* JCAlertStyle.m in Sources */ = {isa = PBXBuildFile; fileRef = 0350CE231E9659E9006C918F /* JCAlertStyle.m */; };
		0350CE451E9659E9006C918F /* JCAlertStyleAlertView.m in Sources */ = {isa = PBXBuildFile; fileRef = 0350CE251E9659E9006C918F /* JCAlertStyleAlertView.m */; };
		0350CE461E9659E9006C918F /* JCAlertStyleBackground.m in Sources */ = {isa = PBXBuildFile; fileRef = 0350CE271E9659E9006C918F /* JCAlertStyleBackground.m */; };
		0350CE471E9659E9006C918F /* JCAlertStyleButton.m in Sources */ = {isa = PBXBuildFile; fileRef = 0350CE291E9659E9006C918F /* JCAlertStyleButton.m */; };
		0350CE481E9659E9006C918F /* JCAlertStyleButtonCancel.m in Sources */ = {isa = PBXBuildFile; fileRef = 0350CE2B1E9659E9006C918F /* JCAlertStyleButtonCancel.m */; };
		0350CE491E9659E9006C918F /* JCAlertStyleButtonNormal.m in Sources */ = {isa = PBXBuildFile; fileRef = 0350CE2D1E9659E9006C918F /* JCAlertStyleButtonNormal.m */; };
		0350CE4A1E9659E9006C918F /* JCAlertStyleButtonWarning.m in Sources */ = {isa = PBXBuildFile; fileRef = 0350CE2F1E9659E9006C918F /* JCAlertStyleButtonWarning.m */; };
		0350CE4B1E9659E9006C918F /* JCAlertStyleContent.m in Sources */ = {isa = PBXBuildFile; fileRef = 0350CE311E9659E9006C918F /* JCAlertStyleContent.m */; };
		0350CE4C1E9659E9006C918F /* JCAlertStyleSeparator.m in Sources */ = {isa = PBXBuildFile; fileRef = 0350CE331E9659E9006C918F /* JCAlertStyleSeparator.m */; };
		0350CE4D1E9659E9006C918F /* JCAlertStyleTitle.m in Sources */ = {isa = PBXBuildFile; fileRef = 0350CE351E9659E9006C918F /* JCAlertStyleTitle.m */; };
		0350CE4E1E9659E9006C918F /* JCDimissAnimation.m in Sources */ = {isa = PBXBuildFile; fileRef = 0350CE381E9659E9006C918F /* JCDimissAnimation.m */; };
		0350CE4F1E9659E9006C918F /* JCPresentAnimation.m in Sources */ = {isa = PBXBuildFile; fileRef = 0350CE3A1E9659E9006C918F /* JCPresentAnimation.m */; };
		03F9427F1E96296500394FB7 /* main.m in Sources */ = {isa = PBXBuildFile; fileRef = 03F9427E1E96296500394FB7 /* main.m */; };
		03F942821E96296500394FB7 /* AppDelegate.m in Sources */ = {isa = PBXBuildFile; fileRef = 03F942811E96296500394FB7 /* AppDelegate.m */; };
		03F942851E96296500394FB7 /* ViewController.m in Sources */ = {isa = PBXBuildFile; fileRef = 03F942841E96296500394FB7 /* ViewController.m */; };
		03F9428A1E96296500394FB7 /* Assets.xcassets in Resources */ = {isa = PBXBuildFile; fileRef = 03F942891E96296500394FB7 /* Assets.xcassets */; };
		03F9428D1E96296500394FB7 /* LaunchScreen.storyboard in Resources */ = {isa = PBXBuildFile; fileRef = 03F9428B1E96296500394FB7 /* LaunchScreen.storyboard */; };
		03F942981E96296500394FB7 /* JCAlertViewTests.m in Sources */ = {isa = PBXBuildFile; fileRef = 03F942971E96296500394FB7 /* JCAlertViewTests.m */; };
		03F942A31E96296500394FB7 /* JCAlertViewUITests.m in Sources */ = {isa = PBXBuildFile; fileRef = 03F942A21E96296500394FB7 /* JCAlertViewUITests.m */; };
/* End PBXBuildFile section */

/* Begin PBXContainerItemProxy section */
		03F942941E96296500394FB7 /* PBXContainerItemProxy */ = {
			isa = PBXContainerItemProxy;
			containerPortal = 03F942721E96296500394FB7 /* Project object */;
			proxyType = 1;
			remoteGlobalIDString = 03F942791E96296500394FB7;
			remoteInfo = JCAlertView;
		};
		03F9429F1E96296500394FB7 /* PBXContainerItemProxy */ = {
			isa = PBXContainerItemProxy;
			containerPortal = 03F942721E96296500394FB7 /* Project object */;
			proxyType = 1;
			remoteGlobalIDString = 03F942791E96296500394FB7;
			remoteInfo = JCAlertView;
		};
/* End PBXContainerItemProxy section */

/* Begin PBXFileReference section */
		0350CE0C1E9659E9006C918F /* JCAlertController.h */ = {isa = PBXFileReference; fileEncoding = 4; lastKnownFileType = sourcecode.c.h; path = JCAlertController.h; sourceTree = "<group>"; };
		0350CE0D1E9659E9006C918F /* JCAlertController.m */ = {isa = PBXFileReference; fileEncoding = 4; lastKnownFileType = sourcecode.c.objc; path = JCAlertController.m; sourceTree = "<group>"; };
		0350CE0F1E9659E9006C918F /* JCAlertNormalView.h */ = {isa = PBXFileReference; fileEncoding = 4; lastKnownFileType = sourcecode.c.h; path = JCAlertNormalView.h; sourceTree = "<group>"; };
		0350CE101E9659E9006C918F /* JCAlertNormalView.m */ = {isa = PBXFileReference; fileEncoding = 4; lastKnownFileType = sourcecode.c.objc; path = JCAlertNormalView.m; sourceTree = "<group>"; };
		0350CE121E9659E9006C918F /* JCAlertButtonItem.h */ = {isa = PBXFileReference; fileEncoding = 4; lastKnownFileType = sourcecode.c.h; path = JCAlertButtonItem.h; sourceTree = "<group>"; };
		0350CE131E9659E9006C918F /* JCAlertButtonItem.m */ = {isa = PBXFileReference; fileEncoding = 4; lastKnownFileType = sourcecode.c.objc; path = JCAlertButtonItem.m; sourceTree = "<group>"; };
		0350CE151E9659E9006C918F /* NSAttributedString+JCCalculateSize.h */ = {isa = PBXFileReference; fileEncoding = 4; lastKnownFileType = sourcecode.c.h; path = "NSAttributedString+JCCalculateSize.h"; sourceTree = "<group>"; };
		0350CE161E9659E9006C918F /* NSAttributedString+JCCalculateSize.m */ = {isa = PBXFileReference; fileEncoding = 4; lastKnownFileType = sourcecode.c.objc; path = "NSAttributedString+JCCalculateSize.m"; sourceTree = "<group>"; };
		0350CE171E9659E9006C918F /* UIColor+HightlightedColor.h */ = {isa = PBXFileReference; fileEncoding = 4; lastKnownFileType = sourcecode.c.h; path = "UIColor+HightlightedColor.h"; sourceTree = "<group>"; };
		0350CE181E9659E9006C918F /* UIColor+HightlightedColor.m */ = {isa = PBXFileReference; fileEncoding = 4; lastKnownFileType = sourcecode.c.objc; path = "UIColor+HightlightedColor.m"; sourceTree = "<group>"; };
		0350CE191E9659E9006C918F /* UIImage+JCColor2Image.h */ = {isa = PBXFileReference; fileEncoding = 4; lastKnownFileType = sourcecode.c.h; path = "UIImage+JCColor2Image.h"; sourceTree = "<group>"; };
		0350CE1A1E9659E9006C918F /* UIImage+JCColor2Image.m */ = {isa = PBXFileReference; fileEncoding = 4; lastKnownFileType = sourcecode.c.objc; path = "UIImage+JCColor2Image.m"; sourceTree = "<group>"; };
		0350CE1B1E9659E9006C918F /* UIViewController+JCPresentQueue.h */ = {isa = PBXFileReference; fileEncoding = 4; lastKnownFileType = sourcecode.c.h; path = "UIViewController+JCPresentQueue.h"; sourceTree = "<group>"; };
		0350CE1C1E9659E9006C918F /* UIViewController+JCPresentQueue.m */ = {isa = PBXFileReference; fileEncoding = 4; lastKnownFileType = sourcecode.c.objc; path = "UIViewController+JCPresentQueue.m"; sourceTree = "<group>"; };
		0350CE1D1E9659E9006C918F /* UIWindow+JCBlur.h */ = {isa = PBXFileReference; fileEncoding = 4; lastKnownFileType = sourcecode.c.h; path = "UIWindow+JCBlur.h"; sourceTree = "<group>"; };
		0350CE1E1E9659E9006C918F /* UIWindow+JCBlur.m */ = {isa = PBXFileReference; fileEncoding = 4; lastKnownFileType = sourcecode.c.objc; path = "UIWindow+JCBlur.m"; sourceTree = "<group>"; };
		0350CE1F1E9659E9006C918F /* JCAlertView.h */ = {isa = PBXFileReference; fileEncoding = 4; lastKnownFileType = sourcecode.c.h; path = JCAlertView.h; sourceTree = "<group>"; };
		0350CE201E9659E9006C918F /* JCAlertView.m */ = {isa = PBXFileReference; fileEncoding = 4; lastKnownFileType = sourcecode.c.objc; path = JCAlertView.m; sourceTree = "<group>"; };
		0350CE221E9659E9006C918F /* JCAlertStyle.h */ = {isa = PBXFileReference; fileEncoding = 4; lastKnownFileType = sourcecode.c.h; name = JCAlertStyle.h; path = Style/JCAlertStyle.h; sourceTree = "<group>"; };
		0350CE231E9659E9006C918F /* JCAlertStyle.m */ = {isa = PBXFileReference; fileEncoding = 4; lastKnownFileType = sourcecode.c.objc; name = JCAlertStyle.m; path = Style/JCAlertStyle.m; sourceTree = "<group>"; };
		0350CE241E9659E9006C918F /* JCAlertStyleAlertView.h */ = {isa = PBXFileReference; fileEncoding = 4; lastKnownFileType = sourcecode.c.h; path = JCAlertStyleAlertView.h; sourceTree = "<group>"; };
		0350CE251E9659E9006C918F /* JCAlertStyleAlertView.m */ = {isa = PBXFileReference; fileEncoding = 4; lastKnownFileType = sourcecode.c.objc; path = JCAlertStyleAlertView.m; sourceTree = "<group>"; };
		0350CE261E9659E9006C918F /* JCAlertStyleBackground.h */ = {isa = PBXFileReference; fileEncoding = 4; lastKnownFileType = sourcecode.c.h; path = JCAlertStyleBackground.h; sourceTree = "<group>"; };
		0350CE271E9659E9006C918F /* JCAlertStyleBackground.m */ = {isa = PBXFileReference; fileEncoding = 4; lastKnownFileType = sourcecode.c.objc; path = JCAlertStyleBackground.m; sourceTree = "<group>"; };
		0350CE281E9659E9006C918F /* JCAlertStyleButton.h */ = {isa = PBXFileReference; fileEncoding = 4; lastKnownFileType = sourcecode.c.h; path = JCAlertStyleButton.h; sourceTree = "<group>"; };
		0350CE291E9659E9006C918F /* JCAlertStyleButton.m */ = {isa = PBXFileReference; fileEncoding = 4; lastKnownFileType = sourcecode.c.objc; path = JCAlertStyleButton.m; sourceTree = "<group>"; };
		0350CE2A1E9659E9006C918F /* JCAlertStyleButtonCancel.h */ = {isa = PBXFileReference; fileEncoding = 4; lastKnownFileType = sourcecode.c.h; path = JCAlertStyleButtonCancel.h; sourceTree = "<group>"; };
		0350CE2B1E9659E9006C918F /* JCAlertStyleButtonCancel.m */ = {isa = PBXFileReference; fileEncoding = 4; lastKnownFileType = sourcecode.c.objc; path = JCAlertStyleButtonCancel.m; sourceTree = "<group>"; };
		0350CE2C1E9659E9006C918F /* JCAlertStyleButtonNormal.h */ = {isa = PBXFileReference; fileEncoding = 4; lastKnownFileType = sourcecode.c.h; path = JCAlertStyleButtonNormal.h; sourceTree = "<group>"; };
		0350CE2D1E9659E9006C918F /* JCAlertStyleButtonNormal.m */ = {isa = PBXFileReference; fileEncoding = 4; lastKnownFileType = sourcecode.c.objc; path = JCAlertStyleButtonNormal.m; sourceTree = "<group>"; };
		0350CE2E1E9659E9006C918F /* JCAlertStyleButtonWarning.h */ = {isa = PBXFileReference; fileEncoding = 4; lastKnownFileType = sourcecode.c.h; path = JCAlertStyleButtonWarning.h; sourceTree = "<group>"; };
		0350CE2F1E9659E9006C918F /* JCAlertStyleButtonWarning.m */ = {isa = PBXFileReference; fileEncoding = 4; lastKnownFileType = sourcecode.c.objc; path = JCAlertStyleButtonWarning.m; sourceTree = "<group>"; };
		0350CE301E9659E9006C918F /* JCAlertStyleContent.h */ = {isa = PBXFileReference; fileEncoding = 4; lastKnownFileType = sourcecode.c.h; path = JCAlertStyleContent.h; sourceTree = "<group>"; };
		0350CE311E9659E9006C918F /* JCAlertStyleContent.m */ = {isa = PBXFileReference; fileEncoding = 4; lastKnownFileType = sourcecode.c.objc; path = JCAlertStyleContent.m; sourceTree = "<group>"; };
		0350CE321E9659E9006C918F /* JCAlertStyleSeparator.h */ = {isa = PBXFileReference; fileEncoding = 4; lastKnownFileType = sourcecode.c.h; path = JCAlertStyleSeparator.h; sourceTree = "<group>"; };
		0350CE331E9659E9006C918F /* JCAlertStyleSeparator.m */ = {isa = PBXFileReference; fileEncoding = 4; lastKnownFileType = sourcecode.c.objc; path = JCAlertStyleSeparator.m; sourceTree = "<group>"; };
		0350CE341E9659E9006C918F /* JCAlertStyleTitle.h */ = {isa = PBXFileReference; fileEncoding = 4; lastKnownFileType = sourcecode.c.h; path = JCAlertStyleTitle.h; sourceTree = "<group>"; };
		0350CE351E9659E9006C918F /* JCAlertStyleTitle.m */ = {isa = PBXFileReference; fileEncoding = 4; lastKnownFileType = sourcecode.c.objc; path = JCAlertStyleTitle.m; sourceTree = "<group>"; };
		0350CE371E9659E9006C918F /* JCDimissAnimation.h */ = {isa = PBXFileReference; fileEncoding = 4; lastKnownFileType = sourcecode.c.h; path = JCDimissAnimation.h; sourceTree = "<group>"; };
		0350CE381E9659E9006C918F /* JCDimissAnimation.m */ = {isa = PBXFileReference; fileEncoding = 4; lastKnownFileType = sourcecode.c.objc; path = JCDimissAnimation.m; sourceTree = "<group>"; };
		0350CE391E9659E9006C918F /* JCPresentAnimation.h */ = {isa = PBXFileReference; fileEncoding = 4; lastKnownFileType = sourcecode.c.h; path = JCPresentAnimation.h; sourceTree = "<group>"; };
		0350CE3A1E9659E9006C918F /* JCPresentAnimation.m */ = {isa = PBXFileReference; fileEncoding = 4; lastKnownFileType = sourcecode.c.objc; path = JCPresentAnimation.m; sourceTree = "<group>"; };
		03F9427A1E96296500394FB7 /* JCAlertView.app */ = {isa = PBXFileReference; explicitFileType = wrapper.application; includeInIndex = 0; path = JCAlertView.app; sourceTree = BUILT_PRODUCTS_DIR; };
		03F9427E1E96296500394FB7 /* main.m */ = {isa = PBXFileReference; lastKnownFileType = sourcecode.c.objc; path = main.m; sourceTree = "<group>"; };
		03F942801E96296500394FB7 /* AppDelegate.h */ = {isa = PBXFileReference; lastKnownFileType = sourcecode.c.h; path = AppDelegate.h; sourceTree = "<group>"; };
		03F942811E96296500394FB7 /* AppDelegate.m */ = {isa = PBXFileReference; lastKnownFileType = sourcecode.c.objc; path = AppDelegate.m; sourceTree = "<group>"; };
		03F942831E96296500394FB7 /* ViewController.h */ = {isa = PBXFileReference; lastKnownFileType = sourcecode.c.h; path = ViewController.h; sourceTree = "<group>"; };
		03F942841E96296500394FB7 /* ViewController.m */ = {isa = PBXFileReference; lastKnownFileType = sourcecode.c.objc; path = ViewController.m; sourceTree = "<group>"; };
		03F942891E96296500394FB7 /* Assets.xcassets */ = {isa = PBXFileReference; lastKnownFileType = folder.assetcatalog; path = Assets.xcassets; sourceTree = "<group>"; };
		03F9428C1E96296500394FB7 /* Base */ = {isa = PBXFileReference; lastKnownFileType = file.storyboard; name = Base; path = Base.lproj/LaunchScreen.storyboard; sourceTree = "<group>"; };
		03F9428E1E96296500394FB7 /* Info.plist */ = {isa = PBXFileReference; lastKnownFileType = text.plist.xml; path = Info.plist; sourceTree = "<group>"; };
		03F942931E96296500394FB7 /* JCAlertViewTests.xctest */ = {isa = PBXFileReference; explicitFileType = wrapper.cfbundle; includeInIndex = 0; path = JCAlertViewTests.xctest; sourceTree = BUILT_PRODUCTS_DIR; };
		03F942971E96296500394FB7 /* JCAlertViewTests.m */ = {isa = PBXFileReference; lastKnownFileType = sourcecode.c.objc; path = JCAlertViewTests.m; sourceTree = "<group>"; };
		03F942991E96296500394FB7 /* Info.plist */ = {isa = PBXFileReference; lastKnownFileType = text.plist.xml; path = Info.plist; sourceTree = "<group>"; };
		03F9429E1E96296500394FB7 /* JCAlertViewUITests.xctest */ = {isa = PBXFileReference; explicitFileType = wrapper.cfbundle; includeInIndex = 0; path = JCAlertViewUITests.xctest; sourceTree = BUILT_PRODUCTS_DIR; };
		03F942A21E96296500394FB7 /* JCAlertViewUITests.m */ = {isa = PBXFileReference; lastKnownFileType = sourcecode.c.objc; path = JCAlertViewUITests.m; sourceTree = "<group>"; };
		03F942A41E96296500394FB7 /* Info.plist */ = {isa = PBXFileReference; lastKnownFileType = text.plist.xml; path = Info.plist; sourceTree = "<group>"; };
/* End PBXFileReference section */

/* Begin PBXFrameworksBuildPhase section */
		03F942771E96296500394FB7 /* Frameworks */ = {
			isa = PBXFrameworksBuildPhase;
			buildActionMask = 2147483647;
			files = (
			);
			runOnlyForDeploymentPostprocessing = 0;
		};
		03F942901E96296500394FB7 /* Frameworks */ = {
			isa = PBXFrameworksBuildPhase;
			buildActionMask = 2147483647;
			files = (
			);
			runOnlyForDeploymentPostprocessing = 0;
		};
		03F9429B1E96296500394FB7 /* Frameworks */ = {
			isa = PBXFrameworksBuildPhase;
			buildActionMask = 2147483647;
			files = (
			);
			runOnlyForDeploymentPostprocessing = 0;
		};
/* End PBXFrameworksBuildPhase section */

/* Begin PBXGroup section */
		0350CE0A1E9659E9006C918F /* JCAlertView */ = {
			isa = PBXGroup;
			children = (
				0350CE1F1E9659E9006C918F /* JCAlertView.h */,
				0350CE201E9659E9006C918F /* JCAlertView.m */,
				0350CE221E9659E9006C918F /* JCAlertStyle.h */,
				0350CE231E9659E9006C918F /* JCAlertStyle.m */,
				0350CE0B1E9659E9006C918F /* AlertController */,
				0350CE0E1E9659E9006C918F /* AlertView */,
				0350CE111E9659E9006C918F /* ButtonItem */,
				0350CE141E9659E9006C918F /* Category */,
				0350CE211E9659E9006C918F /* Style */,
				0350CE361E9659E9006C918F /* TransitionAnimation */,
			);
			path = JCAlertView;
			sourceTree = "<group>";
		};
		0350CE0B1E9659E9006C918F /* AlertController */ = {
			isa = PBXGroup;
			children = (
				0350CE0C1E9659E9006C918F /* JCAlertController.h */,
				0350CE0D1E9659E9006C918F /* JCAlertController.m */,
			);
			path = AlertController;
			sourceTree = "<group>";
		};
		0350CE0E1E9659E9006C918F /* AlertView */ = {
			isa = PBXGroup;
			children = (
				0350CE0F1E9659E9006C918F /* JCAlertNormalView.h */,
				0350CE101E9659E9006C918F /* JCAlertNormalView.m */,
			);
			path = AlertView;
			sourceTree = "<group>";
		};
		0350CE111E9659E9006C918F /* ButtonItem */ = {
			isa = PBXGroup;
			children = (
				0350CE121E9659E9006C918F /* JCAlertButtonItem.h */,
				0350CE131E9659E9006C918F /* JCAlertButtonItem.m */,
			);
			path = ButtonItem;
			sourceTree = "<group>";
		};
		0350CE141E9659E9006C918F /* Category */ = {
			isa = PBXGroup;
			children = (
				0350CE151E9659E9006C918F /* NSAttributedString+JCCalculateSize.h */,
				0350CE161E9659E9006C918F /* NSAttributedString+JCCalculateSize.m */,
				0350CE171E9659E9006C918F /* UIColor+HightlightedColor.h */,
				0350CE181E9659E9006C918F /* UIColor+HightlightedColor.m */,
				0350CE191E9659E9006C918F /* UIImage+JCColor2Image.h */,
				0350CE1A1E9659E9006C918F /* UIImage+JCColor2Image.m */,
				0350CE1B1E9659E9006C918F /* UIViewController+JCPresentQueue.h */,
				0350CE1C1E9659E9006C918F /* UIViewController+JCPresentQueue.m */,
				0350CE1D1E9659E9006C918F /* UIWindow+JCBlur.h */,
				0350CE1E1E9659E9006C918F /* UIWindow+JCBlur.m */,
			);
			path = Category;
			sourceTree = "<group>";
		};
		0350CE211E9659E9006C918F /* Style */ = {
			isa = PBXGroup;
			children = (
				0350CE241E9659E9006C918F /* JCAlertStyleAlertView.h */,
				0350CE251E9659E9006C918F /* JCAlertStyleAlertView.m */,
				0350CE261E9659E9006C918F /* JCAlertStyleBackground.h */,
				0350CE271E9659E9006C918F /* JCAlertStyleBackground.m */,
				0350CE281E9659E9006C918F /* JCAlertStyleButton.h */,
				0350CE291E9659E9006C918F /* JCAlertStyleButton.m */,
				0350CE2A1E9659E9006C918F /* JCAlertStyleButtonCancel.h */,
				0350CE2B1E9659E9006C918F /* JCAlertStyleButtonCancel.m */,
				0350CE2C1E9659E9006C918F /* JCAlertStyleButtonNormal.h */,
				0350CE2D1E9659E9006C918F /* JCAlertStyleButtonNormal.m */,
				0350CE2E1E9659E9006C918F /* JCAlertStyleButtonWarning.h */,
				0350CE2F1E9659E9006C918F /* JCAlertStyleButtonWarning.m */,
				0350CE301E9659E9006C918F /* JCAlertStyleContent.h */,
				0350CE311E9659E9006C918F /* JCAlertStyleContent.m */,
				0350CE321E9659E9006C918F /* JCAlertStyleSeparator.h */,
				0350CE331E9659E9006C918F /* JCAlertStyleSeparator.m */,
				0350CE341E9659E9006C918F /* JCAlertStyleTitle.h */,
				0350CE351E9659E9006C918F /* JCAlertStyleTitle.m */,
			);
			path = Style;
			sourceTree = "<group>";
		};
		0350CE361E9659E9006C918F /* TransitionAnimation */ = {
			isa = PBXGroup;
			children = (
				0350CE371E9659E9006C918F /* JCDimissAnimation.h */,
				0350CE381E9659E9006C918F /* JCDimissAnimation.m */,
				0350CE391E9659E9006C918F /* JCPresentAnimation.h */,
				0350CE3A1E9659E9006C918F /* JCPresentAnimation.m */,
			);
			path = TransitionAnimation;
			sourceTree = "<group>";
		};
		03F942711E96296500394FB7 = {
			isa = PBXGroup;
			children = (
				03F9427C1E96296500394FB7 /* JCAlertView */,
				03F942961E96296500394FB7 /* JCAlertViewTests */,
				03F942A11E96296500394FB7 /* JCAlertViewUITests */,
				03F9427B1E96296500394FB7 /* Products */,
			);
			sourceTree = "<group>";
		};
		03F9427B1E96296500394FB7 /* Products */ = {
			isa = PBXGroup;
			children = (
				03F9427A1E96296500394FB7 /* JCAlertView.app */,
				03F942931E96296500394FB7 /* JCAlertViewTests.xctest */,
				03F9429E1E96296500394FB7 /* JCAlertViewUITests.xctest */,
			);
			name = Products;
			sourceTree = "<group>";
		};
		03F9427C1E96296500394FB7 /* JCAlertView */ = {
			isa = PBXGroup;
			children = (
				0350CE0A1E9659E9006C918F /* JCAlertView */,
				03F942801E96296500394FB7 /* AppDelegate.h */,
				03F942811E96296500394FB7 /* AppDelegate.m */,
				03F942831E96296500394FB7 /* ViewController.h */,
				03F942841E96296500394FB7 /* ViewController.m */,
				03F942891E96296500394FB7 /* Assets.xcassets */,
				03F9428B1E96296500394FB7 /* LaunchScreen.storyboard */,
				03F9428E1E96296500394FB7 /* Info.plist */,
				03F9427D1E96296500394FB7 /* Supporting Files */,
			);
			path = JCAlertView;
			sourceTree = "<group>";
		};
		03F9427D1E96296500394FB7 /* Supporting Files */ = {
			isa = PBXGroup;
			children = (
				03F9427E1E96296500394FB7 /* main.m */,
			);
			name = "Supporting Files";
			sourceTree = "<group>";
		};
		03F942961E96296500394FB7 /* JCAlertViewTests */ = {
			isa = PBXGroup;
			children = (
				03F942971E96296500394FB7 /* JCAlertViewTests.m */,
				03F942991E96296500394FB7 /* Info.plist */,
			);
			path = JCAlertViewTests;
			sourceTree = "<group>";
		};
		03F942A11E96296500394FB7 /* JCAlertViewUITests */ = {
			isa = PBXGroup;
			children = (
				03F942A21E96296500394FB7 /* JCAlertViewUITests.m */,
				03F942A41E96296500394FB7 /* Info.plist */,
			);
			path = JCAlertViewUITests;
			sourceTree = "<group>";
		};
/* End PBXGroup section */

/* Begin PBXNativeTarget section */
		03F942791E96296500394FB7 /* JCAlertView */ = {
			isa = PBXNativeTarget;
			buildConfigurationList = 03F942A71E96296500394FB7 /* Build configuration list for PBXNativeTarget "JCAlertView" */;
			buildPhases = (
				03F942761E96296500394FB7 /* Sources */,
				03F942771E96296500394FB7 /* Frameworks */,
				03F942781E96296500394FB7 /* Resources */,
			);
			buildRules = (
			);
			dependencies = (
			);
			name = JCAlertView;
			productName = JCAlertView;
			productReference = 03F9427A1E96296500394FB7 /* JCAlertView.app */;
			productType = "com.apple.product-type.application";
		};
		03F942921E96296500394FB7 /* JCAlertViewTests */ = {
			isa = PBXNativeTarget;
			buildConfigurationList = 03F942AA1E96296500394FB7 /* Build configuration list for PBXNativeTarget "JCAlertViewTests" */;
			buildPhases = (
				03F9428F1E96296500394FB7 /* Sources */,
				03F942901E96296500394FB7 /* Frameworks */,
				03F942911E96296500394FB7 /* Resources */,
			);
			buildRules = (
			);
			dependencies = (
				03F942951E96296500394FB7 /* PBXTargetDependency */,
			);
			name = JCAlertViewTests;
			productName = JCAlertViewTests;
			productReference = 03F942931E96296500394FB7 /* JCAlertViewTests.xctest */;
			productType = "com.apple.product-type.bundle.unit-test";
		};
		03F9429D1E96296500394FB7 /* JCAlertViewUITests */ = {
			isa = PBXNativeTarget;
			buildConfigurationList = 03F942AD1E96296500394FB7 /* Build configuration list for PBXNativeTarget "JCAlertViewUITests" */;
			buildPhases = (
				03F9429A1E96296500394FB7 /* Sources */,
				03F9429B1E96296500394FB7 /* Frameworks */,
				03F9429C1E96296500394FB7 /* Resources */,
			);
			buildRules = (
			);
			dependencies = (
				03F942A01E96296500394FB7 /* PBXTargetDependency */,
			);
			name = JCAlertViewUITests;
			productName = JCAlertViewUITests;
			productReference = 03F9429E1E96296500394FB7 /* JCAlertViewUITests.xctest */;
			productType = "com.apple.product-type.bundle.ui-testing";
		};
/* End PBXNativeTarget section */

/* Begin PBXProject section */
		03F942721E96296500394FB7 /* Project object */ = {
			isa = PBXProject;
			attributes = {
				LastUpgradeCheck = 0820;
				ORGANIZATIONNAME = HJaycee;
				TargetAttributes = {
					03F942791E96296500394FB7 = {
						CreatedOnToolsVersion = 8.2.1;
						DevelopmentTeam = MZNXS3D2H4;
						ProvisioningStyle = Automatic;
					};
					03F942921E96296500394FB7 = {
						CreatedOnToolsVersion = 8.2.1;
						ProvisioningStyle = Automatic;
						TestTargetID = 03F942791E96296500394FB7;
					};
					03F9429D1E96296500394FB7 = {
						CreatedOnToolsVersion = 8.2.1;
						ProvisioningStyle = Automatic;
						TestTargetID = 03F942791E96296500394FB7;
					};
				};
			};
			buildConfigurationList = 03F942751E96296500394FB7 /* Build configuration list for PBXProject "JCAlertView" */;
			compatibilityVersion = "Xcode 3.2";
			developmentRegion = English;
			hasScannedForEncodings = 0;
			knownRegions = (
				en,
				Base,
			);
			mainGroup = 03F942711E96296500394FB7;
			productRefGroup = 03F9427B1E96296500394FB7 /* Products */;
			projectDirPath = "";
			projectRoot = "";
			targets = (
				03F942791E96296500394FB7 /* JCAlertView */,
				03F942921E96296500394FB7 /* JCAlertViewTests */,
				03F9429D1E96296500394FB7 /* JCAlertViewUITests */,
			);
		};
/* End PBXProject section */

/* Begin PBXResourcesBuildPhase section */
		03F942781E96296500394FB7 /* Resources */ = {
			isa = PBXResourcesBuildPhase;
			buildActionMask = 2147483647;
			files = (
				03F9428D1E96296500394FB7 /* LaunchScreen.storyboard in Resources */,
				03F9428A1E96296500394FB7 /* Assets.xcassets in Resources */,
			);
			runOnlyForDeploymentPostprocessing = 0;
		};
		03F942911E96296500394FB7 /* Resources */ = {
			isa = PBXResourcesBuildPhase;
			buildActionMask = 2147483647;
			files = (
			);
			runOnlyForDeploymentPostprocessing = 0;
		};
		03F9429C1E96296500394FB7 /* Resources */ = {
			isa = PBXResourcesBuildPhase;
			buildActionMask = 2147483647;
			files = (
			);
			runOnlyForDeploymentPostprocessing = 0;
		};
/* End PBXResourcesBuildPhase section */

/* Begin PBXSourcesBuildPhase section */
		03F942761E96296500394FB7 /* Sources */ = {
			isa = PBXSourcesBuildPhase;
			buildActionMask = 2147483647;
			files = (
				0350CE4E1E9659E9006C918F /* JCDimissAnimation.m in Sources */,
				0350CE3D1E9659E9006C918F /* JCAlertButtonItem.m in Sources */,
				0350CE471E9659E9006C918F /* JCAlertStyleButton.m in Sources */,
				0350CE401E9659E9006C918F /* UIImage+JCColor2Image.m in Sources */,
				03F942851E96296500394FB7 /* ViewController.m in Sources */,
				0350CE491E9659E9006C918F /* JCAlertStyleButtonNormal.m in Sources */,
				0350CE3F1E9659E9006C918F /* UIColor+HightlightedColor.m in Sources */,
				0350CE431E9659E9006C918F /* JCAlertView.m in Sources */,
				0350CE461E9659E9006C918F /* JCAlertStyleBackground.m in Sources */,
				03F942821E96296500394FB7 /* AppDelegate.m in Sources */,
				0350CE4B1E9659E9006C918F /* JCAlertStyleContent.m in Sources */,
				0350CE3C1E9659E9006C918F /* JCAlertNormalView.m in Sources */,
				0350CE481E9659E9006C918F /* JCAlertStyleButtonCancel.m in Sources */,
				0350CE4A1E9659E9006C918F /* JCAlertStyleButtonWarning.m in Sources */,
				0350CE3E1E9659E9006C918F /* NSAttributedString+JCCalculateSize.m in Sources */,
				0350CE4D1E9659E9006C918F /* JCAlertStyleTitle.m in Sources */,
				0350CE4C1E9659E9006C918F /* JCAlertStyleSeparator.m in Sources */,
				0350CE441E9659E9006C918F /* JCAlertStyle.m in Sources */,
				03F9427F1E96296500394FB7 /* main.m in Sources */,
				0350CE4F1E9659E9006C918F /* JCPresentAnimation.m in Sources */,
				0350CE3B1E9659E9006C918F /* JCAlertController.m in Sources */,
				0350CE411E9659E9006C918F /* UIViewController+JCPresentQueue.m in Sources */,
				0350CE421E9659E9006C918F /* UIWindow+JCBlur.m in Sources */,
				0350CE451E9659E9006C918F /* JCAlertStyleAlertView.m in Sources */,
			);
			runOnlyForDeploymentPostprocessing = 0;
		};
		03F9428F1E96296500394FB7 /* Sources */ = {
			isa = PBXSourcesBuildPhase;
			buildActionMask = 2147483647;
			files = (
				03F942981E96296500394FB7 /* JCAlertViewTests.m in Sources */,
			);
			runOnlyForDeploymentPostprocessing = 0;
		};
		03F9429A1E96296500394FB7 /* Sources */ = {
			isa = PBXSourcesBuildPhase;
			buildActionMask = 2147483647;
			files = (
				03F942A31E96296500394FB7 /* JCAlertViewUITests.m in Sources */,
			);
			runOnlyForDeploymentPostprocessing = 0;
		};
/* End PBXSourcesBuildPhase section */

/* Begin PBXTargetDependency section */
		03F942951E96296500394FB7 /* PBXTargetDependency */ = {
			isa = PBXTargetDependency;
			target = 03F942791E96296500394FB7 /* JCAlertView */;
			targetProxy = 03F942941E96296500394FB7 /* PBXContainerItemProxy */;
		};
		03F942A01E96296500394FB7 /* PBXTargetDependency */ = {
			isa = PBXTargetDependency;
			target = 03F942791E96296500394FB7 /* JCAlertView */;
			targetProxy = 03F9429F1E96296500394FB7 /* PBXContainerItemProxy */;
		};
/* End PBXTargetDependency section */

/* Begin PBXVariantGroup section */
		03F9428B1E96296500394FB7 /* LaunchScreen.storyboard */ = {
			isa = PBXVariantGroup;
			children = (
				03F9428C1E96296500394FB7 /* Base */,
			);
			name = LaunchScreen.storyboard;
			sourceTree = "<group>";
		};
/* End PBXVariantGroup section */

/* Begin XCBuildConfiguration section */
		03F942A51E96296500394FB7 /* Debug */ = {
			isa = XCBuildConfiguration;
			buildSettings = {
				ALWAYS_SEARCH_USER_PATHS = NO;
				CLANG_ANALYZER_NONNULL = YES;
				CLANG_CXX_LANGUAGE_STANDARD = "gnu++0x";
				CLANG_CXX_LIBRARY = "libc++";
				CLANG_ENABLE_MODULES = YES;
				CLANG_ENABLE_OBJC_ARC = YES;
				CLANG_WARN_BOOL_CONVERSION = YES;
				CLANG_WARN_CONSTANT_CONVERSION = YES;
				CLANG_WARN_DIRECT_OBJC_ISA_USAGE = YES_ERROR;
				CLANG_WARN_DOCUMENTATION_COMMENTS = YES;
				CLANG_WARN_EMPTY_BODY = YES;
				CLANG_WARN_ENUM_CONVERSION = YES;
				CLANG_WARN_INFINITE_RECURSION = YES;
				CLANG_WARN_INT_CONVERSION = YES;
				CLANG_WARN_OBJC_ROOT_CLASS = YES_ERROR;
				CLANG_WARN_SUSPICIOUS_MOVE = YES;
				CLANG_WARN_UNREACHABLE_CODE = YES;
				CLANG_WARN__DUPLICATE_METHOD_MATCH = YES;
				"CODE_SIGN_IDENTITY[sdk=iphoneos*]" = "iPhone Developer";
				COPY_PHASE_STRIP = NO;
				DEBUG_INFORMATION_FORMAT = dwarf;
				ENABLE_STRICT_OBJC_MSGSEND = YES;
				ENABLE_TESTABILITY = YES;
				GCC_C_LANGUAGE_STANDARD = gnu99;
				GCC_DYNAMIC_NO_PIC = NO;
				GCC_NO_COMMON_BLOCKS = YES;
				GCC_OPTIMIZATION_LEVEL = 0;
				GCC_PREPROCESSOR_DEFINITIONS = (
					"DEBUG=1",
					"$(inherited)",
				);
				GCC_WARN_64_TO_32_BIT_CONVERSION = YES;
				GCC_WARN_ABOUT_RETURN_TYPE = YES_ERROR;
				GCC_WARN_UNDECLARED_SELECTOR = YES;
				GCC_WARN_UNINITIALIZED_AUTOS = YES_AGGRESSIVE;
				GCC_WARN_UNUSED_FUNCTION = YES;
				GCC_WARN_UNUSED_VARIABLE = YES;
				IPHONEOS_DEPLOYMENT_TARGET = 10.2;
				MTL_ENABLE_DEBUG_INFO = YES;
				ONLY_ACTIVE_ARCH = YES;
				SDKROOT = iphoneos;
			};
			name = Debug;
		};
		03F942A61E96296500394FB7 /* Release */ = {
			isa = XCBuildConfiguration;
			buildSettings = {
				ALWAYS_SEARCH_USER_PATHS = NO;
				CLANG_ANALYZER_NONNULL = YES;
				CLANG_CXX_LANGUAGE_STANDARD = "gnu++0x";
				CLANG_CXX_LIBRARY = "libc++";
				CLANG_ENABLE_MODULES = YES;
				CLANG_ENABLE_OBJC_ARC = YES;
				CLANG_WARN_BOOL_CONVERSION = YES;
				CLANG_WARN_CONSTANT_CONVERSION = YES;
				CLANG_WARN_DIRECT_OBJC_ISA_USAGE = YES_ERROR;
				CLANG_WARN_DOCUMENTATION_COMMENTS = YES;
				CLANG_WARN_EMPTY_BODY = YES;
				CLANG_WARN_ENUM_CONVERSION = YES;
				CLANG_WARN_INFINITE_RECURSION = YES;
				CLANG_WARN_INT_CONVERSION = YES;
				CLANG_WARN_OBJC_ROOT_CLASS = YES_ERROR;
				CLANG_WARN_SUSPICIOUS_MOVE = YES;
				CLANG_WARN_UNREACHABLE_CODE = YES;
				CLANG_WARN__DUPLICATE_METHOD_MATCH = YES;
				"CODE_SIGN_IDENTITY[sdk=iphoneos*]" = "iPhone Developer";
				COPY_PHASE_STRIP = NO;
				DEBUG_INFORMATION_FORMAT = "dwarf-with-dsym";
				ENABLE_NS_ASSERTIONS = NO;
				ENABLE_STRICT_OBJC_MSGSEND = YES;
				GCC_C_LANGUAGE_STANDARD = gnu99;
				GCC_NO_COMMON_BLOCKS = YES;
				GCC_WARN_64_TO_32_BIT_CONVERSION = YES;
				GCC_WARN_ABOUT_RETURN_TYPE = YES_ERROR;
				GCC_WARN_UNDECLARED_SELECTOR = YES;
				GCC_WARN_UNINITIALIZED_AUTOS = YES_AGGRESSIVE;
				GCC_WARN_UNUSED_FUNCTION = YES;
				GCC_WARN_UNUSED_VARIABLE = YES;
				IPHONEOS_DEPLOYMENT_TARGET = 10.2;
				MTL_ENABLE_DEBUG_INFO = NO;
				SDKROOT = iphoneos;
				VALIDATE_PRODUCT = YES;
			};
			name = Release;
		};
		03F942A81E96296500394FB7 /* Debug */ = {
			isa = XCBuildConfiguration;
			buildSettings = {
				ASSETCATALOG_COMPILER_APPICON_NAME = AppIcon;
				DEVELOPMENT_TEAM = MZNXS3D2H4;
				INFOPLIST_FILE = JCAlertView/Info.plist;
				IPHONEOS_DEPLOYMENT_TARGET = 7.0;
				LD_RUNPATH_SEARCH_PATHS = "$(inherited) @executable_path/Frameworks";
				PRODUCT_BUNDLE_IDENTIFIER = com.HJaycee.JCAlertView;
				PRODUCT_NAME = "$(TARGET_NAME)";
			};
			name = Debug;
		};
		03F942A91E96296500394FB7 /* Release */ = {
			isa = XCBuildConfiguration;
			buildSettings = {
				ASSETCATALOG_COMPILER_APPICON_NAME = AppIcon;
				DEVELOPMENT_TEAM = MZNXS3D2H4;
				INFOPLIST_FILE = JCAlertView/Info.plist;
				IPHONEOS_DEPLOYMENT_TARGET = 7.0;
				LD_RUNPATH_SEARCH_PATHS = "$(inherited) @executable_path/Frameworks";
				PRODUCT_BUNDLE_IDENTIFIER = com.HJaycee.JCAlertView;
				PRODUCT_NAME = "$(TARGET_NAME)";
			};
			name = Release;
		};
		03F942AB1E96296500394FB7 /* Debug */ = {
			isa = XCBuildConfiguration;
			buildSettings = {
				BUNDLE_LOADER = "$(TEST_HOST)";
				INFOPLIST_FILE = JCAlertViewTests/Info.plist;
				LD_RUNPATH_SEARCH_PATHS = "$(inherited) @executable_path/Frameworks @loader_path/Frameworks";
				PRODUCT_BUNDLE_IDENTIFIER = com.HJaycee.JCAlertViewTests;
				PRODUCT_NAME = "$(TARGET_NAME)";
				TEST_HOST = "$(BUILT_PRODUCTS_DIR)/JCAlertView.app/JCAlertView";
			};
			name = Debug;
		};
		03F942AC1E96296500394FB7 /* Release */ = {
			isa = XCBuildConfiguration;
			buildSettings = {
				BUNDLE_LOADER = "$(TEST_HOST)";
				INFOPLIST_FILE = JCAlertViewTests/Info.plist;
				LD_RUNPATH_SEARCH_PATHS = "$(inherited) @executable_path/Frameworks @loader_path/Frameworks";
				PRODUCT_BUNDLE_IDENTIFIER = com.HJaycee.JCAlertViewTests;
				PRODUCT_NAME = "$(TARGET_NAME)";
				TEST_HOST = "$(BUILT_PRODUCTS_DIR)/JCAlertView.app/JCAlertView";
			};
			name = Release;
		};
		03F942AE1E96296500394FB7 /* Debug */ = {
			isa = XCBuildConfiguration;
			buildSettings = {
				INFOPLIST_FILE = JCAlertViewUITests/Info.plist;
				LD_RUNPATH_SEARCH_PATHS = "$(inherited) @executable_path/Frameworks @loader_path/Frameworks";
				PRODUCT_BUNDLE_IDENTIFIER = com.HJaycee.JCAlertViewUITests;
				PRODUCT_NAME = "$(TARGET_NAME)";
				TEST_TARGET_NAME = JCAlertView;
			};
			name = Debug;
		};
		03F942AF1E96296500394FB7 /* Release */ = {
			isa = XCBuildConfiguration;
			buildSettings = {
				INFOPLIST_FILE = JCAlertViewUITests/Info.plist;
				LD_RUNPATH_SEARCH_PATHS = "$(inherited) @executable_path/Frameworks @loader_path/Frameworks";
				PRODUCT_BUNDLE_IDENTIFIER = com.HJaycee.JCAlertViewUITests;
				PRODUCT_NAME = "$(TARGET_NAME)";
				TEST_TARGET_NAME = JCAlertView;
			};
			name = Release;
		};
/* End XCBuildConfiguration section */

/* Begin XCConfigurationList section */
		03F942751E96296500394FB7 /* Build configuration list for PBXProject "JCAlertView" */ = {
			isa = XCConfigurationList;
			buildConfigurations = (
				03F942A51E96296500394FB7 /* Debug */,
				03F942A61E96296500394FB7 /* Release */,
			);
			defaultConfigurationIsVisible = 0;
			defaultConfigurationName = Release;
		};
		03F942A71E96296500394FB7 /* Build configuration list for PBXNativeTarget "JCAlertView" */ = {
			isa = XCConfigurationList;
			buildConfigurations = (
				03F942A81E96296500394FB7 /* Debug */,
				03F942A91E96296500394FB7 /* Release */,
			);
			defaultConfigurationIsVisible = 0;
			defaultConfigurationName = Release;
		};
		03F942AA1E96296500394FB7 /* Build configuration list for PBXNativeTarget "JCAlertViewTests" */ = {
			isa = XCConfigurationList;
			buildConfigurations = (
				03F942AB1E96296500394FB7 /* Debug */,
				03F942AC1E96296500394FB7 /* Release */,
			);
			defaultConfigurationIsVisible = 0;
			defaultConfigurationName = Release;
		};
		03F942AD1E96296500394FB7 /* Build configuration list for PBXNativeTarget "JCAlertViewUITests" */ = {
			isa = XCConfigurationList;
			buildConfigurations = (
				03F942AE1E96296500394FB7 /* Debug */,
				03F942AF1E96296500394FB7 /* Release */,
			);
			defaultConfigurationIsVisible = 0;
			defaultConfigurationName = Release;
		};
/* End XCConfigurationList section */
	};
	rootObject = 03F942721E96296500394FB7 /* Project object */;
}
